// !$*UTF8*$!
{
	archiveVersion = 1;
	classes = {
	};
	objectVersion = 56;
	objects = {

/* Begin PBXBuildFile section */
		4892CE572C19D2EE00ED6D53 /* CurrencyListView.swift in Sources */ = {isa = PBXBuildFile; fileRef = 4892CE562C19D2EE00ED6D53 /* CurrencyListView.swift */; };
		4892CE592C19D45500ED6D53 /* Constant.swift in Sources */ = {isa = PBXBuildFile; fileRef = 4892CE582C19D45500ED6D53 /* Constant.swift */; };
		4892CE5B2C19D53500ED6D53 /* CurrencyListViewModel.swift in Sources */ = {isa = PBXBuildFile; fileRef = 4892CE5A2C19D53500ED6D53 /* CurrencyListViewModel.swift */; };
		4892CE5D2C19D89700ED6D53 /* ListModel.swift in Sources */ = {isa = PBXBuildFile; fileRef = 4892CE5C2C19D89700ED6D53 /* ListModel.swift */; };
		4892CE5F2C19DB4400ED6D53 /* APIManager.swift in Sources */ = {isa = PBXBuildFile; fileRef = 4892CE5E2C19DB4400ED6D53 /* APIManager.swift */; };
		4892CE612C19E8FF00ED6D53 /* IbanValidateService.swift in Sources */ = {isa = PBXBuildFile; fileRef = 4892CE602C19E8FF00ED6D53 /* IbanValidateService.swift */; };
		4892CE632C19EA4C00ED6D53 /* CurrencyRatesService.swift in Sources */ = {isa = PBXBuildFile; fileRef = 4892CE622C19EA4C00ED6D53 /* CurrencyRatesService.swift */; };
		4892CE662C1AD44700ED6D53 /* SSLPinningValidator.swift in Sources */ = {isa = PBXBuildFile; fileRef = 4892CE652C1AD44700ED6D53 /* SSLPinningValidator.swift */; };
		48CF2E5B2C19C43C00FE60C4 /* IbanValidatorToolApp.swift in Sources */ = {isa = PBXBuildFile; fileRef = 48CF2E5A2C19C43C00FE60C4 /* IbanValidatorToolApp.swift */; };
		48CF2E5F2C19C44000FE60C4 /* Assets.xcassets in Resources */ = {isa = PBXBuildFile; fileRef = 48CF2E5E2C19C44000FE60C4 /* Assets.xcassets */; };
		48CF2E622C19C44000FE60C4 /* Preview Assets.xcassets in Resources */ = {isa = PBXBuildFile; fileRef = 48CF2E612C19C44000FE60C4 /* Preview Assets.xcassets */; };
		48CF2E6C2C19C44100FE60C4 /* IbanValidatorToolTests.swift in Sources */ = {isa = PBXBuildFile; fileRef = 48CF2E6B2C19C44100FE60C4 /* IbanValidatorToolTests.swift */; };
		48CF2E762C19C44100FE60C4 /* IbanValidatorToolUITests.swift in Sources */ = {isa = PBXBuildFile; fileRef = 48CF2E752C19C44100FE60C4 /* IbanValidatorToolUITests.swift */; };
		48CF2E782C19C44100FE60C4 /* IbanValidatorToolUITestsLaunchTests.swift in Sources */ = {isa = PBXBuildFile; fileRef = 48CF2E772C19C44100FE60C4 /* IbanValidatorToolUITestsLaunchTests.swift */; };
		48CF2E8B2C19CEC100FE60C4 /* String+Extension.swift in Sources */ = {isa = PBXBuildFile; fileRef = 48CF2E8A2C19CEC000FE60C4 /* String+Extension.swift */; };
/* End PBXBuildFile section */

/* Begin PBXContainerItemProxy section */
		48CF2E682C19C44100FE60C4 /* PBXContainerItemProxy */ = {
			isa = PBXContainerItemProxy;
			containerPortal = 48CF2E4F2C19C43C00FE60C4 /* Project object */;
			proxyType = 1;
			remoteGlobalIDString = 48CF2E562C19C43C00FE60C4;
			remoteInfo = IbanValidatorTool;
		};
		48CF2E722C19C44100FE60C4 /* PBXContainerItemProxy */ = {
			isa = PBXContainerItemProxy;
			containerPortal = 48CF2E4F2C19C43C00FE60C4 /* Project object */;
			proxyType = 1;
			remoteGlobalIDString = 48CF2E562C19C43C00FE60C4;
			remoteInfo = IbanValidatorTool;
		};
/* End PBXContainerItemProxy section */

/* Begin PBXFileReference section */
		4892CE562C19D2EE00ED6D53 /* CurrencyListView.swift */ = {isa = PBXFileReference; lastKnownFileType = sourcecode.swift; path = CurrencyListView.swift; sourceTree = "<group>"; };
		4892CE582C19D45500ED6D53 /* Constant.swift */ = {isa = PBXFileReference; fileEncoding = 4; lastKnownFileType = sourcecode.swift; path = Constant.swift; sourceTree = "<group>"; };
		4892CE5A2C19D53500ED6D53 /* CurrencyListViewModel.swift */ = {isa = PBXFileReference; lastKnownFileType = sourcecode.swift; path = CurrencyListViewModel.swift; sourceTree = "<group>"; };
		4892CE5C2C19D89700ED6D53 /* ListModel.swift */ = {isa = PBXFileReference; lastKnownFileType = sourcecode.swift; path = ListModel.swift; sourceTree = "<group>"; };
		4892CE5E2C19DB4400ED6D53 /* APIManager.swift */ = {isa = PBXFileReference; fileEncoding = 4; lastKnownFileType = sourcecode.swift; path = APIManager.swift; sourceTree = "<group>"; };
		4892CE602C19E8FF00ED6D53 /* IbanValidateService.swift */ = {isa = PBXFileReference; lastKnownFileType = sourcecode.swift; path = IbanValidateService.swift; sourceTree = "<group>"; };
		4892CE622C19EA4C00ED6D53 /* CurrencyRatesService.swift */ = {isa = PBXFileReference; lastKnownFileType = sourcecode.swift; path = CurrencyRatesService.swift; sourceTree = "<group>"; };
		4892CE652C1AD44700ED6D53 /* SSLPinningValidator.swift */ = {isa = PBXFileReference; lastKnownFileType = sourcecode.swift; path = SSLPinningValidator.swift; sourceTree = "<group>"; };
		48CF2E572C19C43C00FE60C4 /* IbanValidatorTool.app */ = {isa = PBXFileReference; explicitFileType = wrapper.application; includeInIndex = 0; path = IbanValidatorTool.app; sourceTree = BUILT_PRODUCTS_DIR; };
		48CF2E5A2C19C43C00FE60C4 /* IbanValidatorToolApp.swift */ = {isa = PBXFileReference; lastKnownFileType = sourcecode.swift; path = IbanValidatorToolApp.swift; sourceTree = "<group>"; };
		48CF2E5E2C19C44000FE60C4 /* Assets.xcassets */ = {isa = PBXFileReference; lastKnownFileType = folder.assetcatalog; path = Assets.xcassets; sourceTree = "<group>"; };
		48CF2E612C19C44000FE60C4 /* Preview Assets.xcassets */ = {isa = PBXFileReference; lastKnownFileType = folder.assetcatalog; path = "Preview Assets.xcassets"; sourceTree = "<group>"; };
		48CF2E672C19C44100FE60C4 /* IbanValidatorToolTests.xctest */ = {isa = PBXFileReference; explicitFileType = wrapper.cfbundle; includeInIndex = 0; path = IbanValidatorToolTests.xctest; sourceTree = BUILT_PRODUCTS_DIR; };
		48CF2E6B2C19C44100FE60C4 /* IbanValidatorToolTests.swift */ = {isa = PBXFileReference; lastKnownFileType = sourcecode.swift; path = IbanValidatorToolTests.swift; sourceTree = "<group>"; };
		48CF2E712C19C44100FE60C4 /* IbanValidatorToolUITests.xctest */ = {isa = PBXFileReference; explicitFileType = wrapper.cfbundle; includeInIndex = 0; path = IbanValidatorToolUITests.xctest; sourceTree = BUILT_PRODUCTS_DIR; };
		48CF2E752C19C44100FE60C4 /* IbanValidatorToolUITests.swift */ = {isa = PBXFileReference; lastKnownFileType = sourcecode.swift; path = IbanValidatorToolUITests.swift; sourceTree = "<group>"; };
		48CF2E772C19C44100FE60C4 /* IbanValidatorToolUITestsLaunchTests.swift */ = {isa = PBXFileReference; lastKnownFileType = sourcecode.swift; path = IbanValidatorToolUITestsLaunchTests.swift; sourceTree = "<group>"; };
		48CF2E8A2C19CEC000FE60C4 /* String+Extension.swift */ = {isa = PBXFileReference; fileEncoding = 4; lastKnownFileType = sourcecode.swift; path = "String+Extension.swift"; sourceTree = "<group>"; };
/* End PBXFileReference section */

/* Begin PBXFrameworksBuildPhase section */
		48CF2E542C19C43C00FE60C4 /* Frameworks */ = {
			isa = PBXFrameworksBuildPhase;
			buildActionMask = 2147483647;
			files = (
			);
			runOnlyForDeploymentPostprocessing = 0;
		};
		48CF2E642C19C44100FE60C4 /* Frameworks */ = {
			isa = PBXFrameworksBuildPhase;
			buildActionMask = 2147483647;
			files = (
			);
			runOnlyForDeploymentPostprocessing = 0;
		};
		48CF2E6E2C19C44100FE60C4 /* Frameworks */ = {
			isa = PBXFrameworksBuildPhase;
			buildActionMask = 2147483647;
			files = (
			);
			runOnlyForDeploymentPostprocessing = 0;
		};
/* End PBXFrameworksBuildPhase section */

/* Begin PBXGroup section */
		4892CE522C19D2AA00ED6D53 /* ListView */ = {
			isa = PBXGroup;
			children = (
				4892CE552C19D2C700ED6D53 /* Model */,
				4892CE542C19D2C300ED6D53 /* View */,
				4892CE532C19D2BD00ED6D53 /* ViewModel */,
				4892CE642C19EA9800ED6D53 /* Services */,
			);
			path = ListView;
			sourceTree = "<group>";
		};
		4892CE532C19D2BD00ED6D53 /* ViewModel */ = {
			isa = PBXGroup;
			children = (
				4892CE5A2C19D53500ED6D53 /* CurrencyListViewModel.swift */,
			);
			path = ViewModel;
			sourceTree = "<group>";
		};
		4892CE542C19D2C300ED6D53 /* View */ = {
			isa = PBXGroup;
			children = (
				4892CE562C19D2EE00ED6D53 /* CurrencyListView.swift */,
			);
			path = View;
			sourceTree = "<group>";
		};
		4892CE552C19D2C700ED6D53 /* Model */ = {
			isa = PBXGroup;
			children = (
				4892CE5C2C19D89700ED6D53 /* ListModel.swift */,
			);
			path = Model;
			sourceTree = "<group>";
		};
		4892CE642C19EA9800ED6D53 /* Services */ = {
			isa = PBXGroup;
			children = (
				4892CE602C19E8FF00ED6D53 /* IbanValidateService.swift */,
				4892CE622C19EA4C00ED6D53 /* CurrencyRatesService.swift */,
			);
			path = Services;
			sourceTree = "<group>";
		};
		48CF2E4E2C19C43C00FE60C4 = {
			isa = PBXGroup;
			children = (
				48CF2E592C19C43C00FE60C4 /* IbanValidatorTool */,
				48CF2E6A2C19C44100FE60C4 /* IbanValidatorToolTests */,
				48CF2E742C19C44100FE60C4 /* IbanValidatorToolUITests */,
				48CF2E582C19C43C00FE60C4 /* Products */,
			);
			sourceTree = "<group>";
		};
		48CF2E582C19C43C00FE60C4 /* Products */ = {
			isa = PBXGroup;
			children = (
				48CF2E572C19C43C00FE60C4 /* IbanValidatorTool.app */,
				48CF2E672C19C44100FE60C4 /* IbanValidatorToolTests.xctest */,
				48CF2E712C19C44100FE60C4 /* IbanValidatorToolUITests.xctest */,
			);
			name = Products;
			sourceTree = "<group>";
		};
		48CF2E592C19C43C00FE60C4 /* IbanValidatorTool */ = {
			isa = PBXGroup;
			children = (
				48CF2E892C19C4A200FE60C4 /* Application */,
				48CF2E882C19C49E00FE60C4 /* Constant */,
				48CF2E872C19C49A00FE60C4 /* Extension */,
				48CF2E862C19C48D00FE60C4 /* Helper */,
				48CF2E852C19C48900FE60C4 /* Resources */,
				48CF2E842C19C48400FE60C4 /* Screens */,
				48CF2E602C19C44000FE60C4 /* Preview Content */,
			);
			path = IbanValidatorTool;
			sourceTree = "<group>";
		};
		48CF2E602C19C44000FE60C4 /* Preview Content */ = {
			isa = PBXGroup;
			children = (
				48CF2E612C19C44000FE60C4 /* Preview Assets.xcassets */,
			);
			path = "Preview Content";
			sourceTree = "<group>";
		};
		48CF2E6A2C19C44100FE60C4 /* IbanValidatorToolTests */ = {
			isa = PBXGroup;
			children = (
				48CF2E6B2C19C44100FE60C4 /* IbanValidatorToolTests.swift */,
			);
			path = IbanValidatorToolTests;
			sourceTree = "<group>";
		};
		48CF2E742C19C44100FE60C4 /* IbanValidatorToolUITests */ = {
			isa = PBXGroup;
			children = (
				48CF2E752C19C44100FE60C4 /* IbanValidatorToolUITests.swift */,
				48CF2E772C19C44100FE60C4 /* IbanValidatorToolUITestsLaunchTests.swift */,
			);
			path = IbanValidatorToolUITests;
			sourceTree = "<group>";
		};
		48CF2E842C19C48400FE60C4 /* Screens */ = {
			isa = PBXGroup;
			children = (
				4892CE522C19D2AA00ED6D53 /* ListView */,
			);
			path = Screens;
			sourceTree = "<group>";
		};
		48CF2E852C19C48900FE60C4 /* Resources */ = {
			isa = PBXGroup;
			children = (
				48CF2E5E2C19C44000FE60C4 /* Assets.xcassets */,
			);
			path = Resources;
			sourceTree = "<group>";
		};
		48CF2E862C19C48D00FE60C4 /* Helper */ = {
			isa = PBXGroup;
			children = (
				4892CE5E2C19DB4400ED6D53 /* APIManager.swift */,
				4892CE652C1AD44700ED6D53 /* SSLPinningValidator.swift */,
			);
			path = Helper;
			sourceTree = "<group>";
		};
		48CF2E872C19C49A00FE60C4 /* Extension */ = {
			isa = PBXGroup;
			children = (
				48CF2E8A2C19CEC000FE60C4 /* String+Extension.swift */,
			);
			path = Extension;
			sourceTree = "<group>";
		};
		48CF2E882C19C49E00FE60C4 /* Constant */ = {
			isa = PBXGroup;
			children = (
				4892CE582C19D45500ED6D53 /* Constant.swift */,
			);
			path = Constant;
			sourceTree = "<group>";
		};
		48CF2E892C19C4A200FE60C4 /* Application */ = {
			isa = PBXGroup;
			children = (
				48CF2E5A2C19C43C00FE60C4 /* IbanValidatorToolApp.swift */,
			);
			path = Application;
			sourceTree = "<group>";
		};
/* End PBXGroup section */

/* Begin PBXNativeTarget section */
		48CF2E562C19C43C00FE60C4 /* IbanValidatorTool */ = {
			isa = PBXNativeTarget;
			buildConfigurationList = 48CF2E7B2C19C44100FE60C4 /* Build configuration list for PBXNativeTarget "IbanValidatorTool" */;
			buildPhases = (
				48CF2E532C19C43C00FE60C4 /* Sources */,
				48CF2E542C19C43C00FE60C4 /* Frameworks */,
				48CF2E552C19C43C00FE60C4 /* Resources */,
			);
			buildRules = (
			);
			dependencies = (
			);
			name = IbanValidatorTool;
			productName = IbanValidatorTool;
			productReference = 48CF2E572C19C43C00FE60C4 /* IbanValidatorTool.app */;
			productType = "com.apple.product-type.application";
		};
		48CF2E662C19C44100FE60C4 /* IbanValidatorToolTests */ = {
			isa = PBXNativeTarget;
			buildConfigurationList = 48CF2E7E2C19C44100FE60C4 /* Build configuration list for PBXNativeTarget "IbanValidatorToolTests" */;
			buildPhases = (
				48CF2E632C19C44100FE60C4 /* Sources */,
				48CF2E642C19C44100FE60C4 /* Frameworks */,
				48CF2E652C19C44100FE60C4 /* Resources */,
			);
			buildRules = (
			);
			dependencies = (
				48CF2E692C19C44100FE60C4 /* PBXTargetDependency */,
			);
			name = IbanValidatorToolTests;
			productName = IbanValidatorToolTests;
			productReference = 48CF2E672C19C44100FE60C4 /* IbanValidatorToolTests.xctest */;
			productType = "com.apple.product-type.bundle.unit-test";
		};
		48CF2E702C19C44100FE60C4 /* IbanValidatorToolUITests */ = {
			isa = PBXNativeTarget;
			buildConfigurationList = 48CF2E812C19C44100FE60C4 /* Build configuration list for PBXNativeTarget "IbanValidatorToolUITests" */;
			buildPhases = (
				48CF2E6D2C19C44100FE60C4 /* Sources */,
				48CF2E6E2C19C44100FE60C4 /* Frameworks */,
				48CF2E6F2C19C44100FE60C4 /* Resources */,
			);
			buildRules = (
			);
			dependencies = (
				48CF2E732C19C44100FE60C4 /* PBXTargetDependency */,
			);
			name = IbanValidatorToolUITests;
			productName = IbanValidatorToolUITests;
			productReference = 48CF2E712C19C44100FE60C4 /* IbanValidatorToolUITests.xctest */;
			productType = "com.apple.product-type.bundle.ui-testing";
		};
/* End PBXNativeTarget section */

/* Begin PBXProject section */
		48CF2E4F2C19C43C00FE60C4 /* Project object */ = {
			isa = PBXProject;
			attributes = {
				BuildIndependentTargetsInParallel = 1;
				LastSwiftUpdateCheck = 1520;
				LastUpgradeCheck = 1520;
				TargetAttributes = {
					48CF2E562C19C43C00FE60C4 = {
						CreatedOnToolsVersion = 15.2;
					};
					48CF2E662C19C44100FE60C4 = {
						CreatedOnToolsVersion = 15.2;
						TestTargetID = 48CF2E562C19C43C00FE60C4;
					};
					48CF2E702C19C44100FE60C4 = {
						CreatedOnToolsVersion = 15.2;
						TestTargetID = 48CF2E562C19C43C00FE60C4;
					};
				};
			};
			buildConfigurationList = 48CF2E522C19C43C00FE60C4 /* Build configuration list for PBXProject "IbanValidatorTool" */;
			compatibilityVersion = "Xcode 14.0";
			developmentRegion = en;
			hasScannedForEncodings = 0;
			knownRegions = (
				en,
				Base,
			);
			mainGroup = 48CF2E4E2C19C43C00FE60C4;
			productRefGroup = 48CF2E582C19C43C00FE60C4 /* Products */;
			projectDirPath = "";
			projectRoot = "";
			targets = (
				48CF2E562C19C43C00FE60C4 /* IbanValidatorTool */,
				48CF2E662C19C44100FE60C4 /* IbanValidatorToolTests */,
				48CF2E702C19C44100FE60C4 /* IbanValidatorToolUITests */,
			);
		};
/* End PBXProject section */

/* Begin PBXResourcesBuildPhase section */
		48CF2E552C19C43C00FE60C4 /* Resources */ = {
			isa = PBXResourcesBuildPhase;
			buildActionMask = 2147483647;
			files = (
				48CF2E622C19C44000FE60C4 /* Preview Assets.xcassets in Resources */,
				48CF2E5F2C19C44000FE60C4 /* Assets.xcassets in Resources */,
			);
			runOnlyForDeploymentPostprocessing = 0;
		};
		48CF2E652C19C44100FE60C4 /* Resources */ = {
			isa = PBXResourcesBuildPhase;
			buildActionMask = 2147483647;
			files = (
			);
			runOnlyForDeploymentPostprocessing = 0;
		};
		48CF2E6F2C19C44100FE60C4 /* Resources */ = {
			isa = PBXResourcesBuildPhase;
			buildActionMask = 2147483647;
			files = (
			);
			runOnlyForDeploymentPostprocessing = 0;
		};
/* End PBXResourcesBuildPhase section */

/* Begin PBXSourcesBuildPhase section */
		48CF2E532C19C43C00FE60C4 /* Sources */ = {
			isa = PBXSourcesBuildPhase;
			buildActionMask = 2147483647;
			files = (
				4892CE5F2C19DB4400ED6D53 /* APIManager.swift in Sources */,
				4892CE662C1AD44700ED6D53 /* SSLPinningValidator.swift in Sources */,
				4892CE572C19D2EE00ED6D53 /* CurrencyListView.swift in Sources */,
				4892CE612C19E8FF00ED6D53 /* IbanValidateService.swift in Sources */,
				4892CE632C19EA4C00ED6D53 /* CurrencyRatesService.swift in Sources */,
				4892CE5B2C19D53500ED6D53 /* CurrencyListViewModel.swift in Sources */,
				4892CE592C19D45500ED6D53 /* Constant.swift in Sources */,
				4892CE5D2C19D89700ED6D53 /* ListModel.swift in Sources */,
				48CF2E5B2C19C43C00FE60C4 /* IbanValidatorToolApp.swift in Sources */,
				48CF2E8B2C19CEC100FE60C4 /* String+Extension.swift in Sources */,
			);
			runOnlyForDeploymentPostprocessing = 0;
		};
		48CF2E632C19C44100FE60C4 /* Sources */ = {
			isa = PBXSourcesBuildPhase;
			buildActionMask = 2147483647;
			files = (
				48CF2E6C2C19C44100FE60C4 /* IbanValidatorToolTests.swift in Sources */,
			);
			runOnlyForDeploymentPostprocessing = 0;
		};
		48CF2E6D2C19C44100FE60C4 /* Sources */ = {
			isa = PBXSourcesBuildPhase;
			buildActionMask = 2147483647;
			files = (
				48CF2E762C19C44100FE60C4 /* IbanValidatorToolUITests.swift in Sources */,
				48CF2E782C19C44100FE60C4 /* IbanValidatorToolUITestsLaunchTests.swift in Sources */,
			);
			runOnlyForDeploymentPostprocessing = 0;
		};
/* End PBXSourcesBuildPhase section */

/* Begin PBXTargetDependency section */
		48CF2E692C19C44100FE60C4 /* PBXTargetDependency */ = {
			isa = PBXTargetDependency;
			target = 48CF2E562C19C43C00FE60C4 /* IbanValidatorTool */;
			targetProxy = 48CF2E682C19C44100FE60C4 /* PBXContainerItemProxy */;
		};
		48CF2E732C19C44100FE60C4 /* PBXTargetDependency */ = {
			isa = PBXTargetDependency;
			target = 48CF2E562C19C43C00FE60C4 /* IbanValidatorTool */;
			targetProxy = 48CF2E722C19C44100FE60C4 /* PBXContainerItemProxy */;
		};
/* End PBXTargetDependency section */

/* Begin XCBuildConfiguration section */
		48CF2E792C19C44100FE60C4 /* Debug */ = {
			isa = XCBuildConfiguration;
			buildSettings = {
				ALWAYS_SEARCH_USER_PATHS = NO;
				ASSETCATALOG_COMPILER_GENERATE_SWIFT_ASSET_SYMBOL_EXTENSIONS = YES;
				CLANG_ANALYZER_NONNULL = YES;
				CLANG_ANALYZER_NUMBER_OBJECT_CONVERSION = YES_AGGRESSIVE;
				CLANG_CXX_LANGUAGE_STANDARD = "gnu++20";
				CLANG_ENABLE_MODULES = YES;
				CLANG_ENABLE_OBJC_ARC = YES;
				CLANG_ENABLE_OBJC_WEAK = YES;
				CLANG_WARN_BLOCK_CAPTURE_AUTORELEASING = YES;
				CLANG_WARN_BOOL_CONVERSION = YES;
				CLANG_WARN_COMMA = YES;
				CLANG_WARN_CONSTANT_CONVERSION = YES;
				CLANG_WARN_DEPRECATED_OBJC_IMPLEMENTATIONS = YES;
				CLANG_WARN_DIRECT_OBJC_ISA_USAGE = YES_ERROR;
				CLANG_WARN_DOCUMENTATION_COMMENTS = YES;
				CLANG_WARN_EMPTY_BODY = YES;
				CLANG_WARN_ENUM_CONVERSION = YES;
				CLANG_WARN_INFINITE_RECURSION = YES;
				CLANG_WARN_INT_CONVERSION = YES;
				CLANG_WARN_NON_LITERAL_NULL_CONVERSION = YES;
				CLANG_WARN_OBJC_IMPLICIT_RETAIN_SELF = YES;
				CLANG_WARN_OBJC_LITERAL_CONVERSION = YES;
				CLANG_WARN_OBJC_ROOT_CLASS = YES_ERROR;
				CLANG_WARN_QUOTED_INCLUDE_IN_FRAMEWORK_HEADER = YES;
				CLANG_WARN_RANGE_LOOP_ANALYSIS = YES;
				CLANG_WARN_STRICT_PROTOTYPES = YES;
				CLANG_WARN_SUSPICIOUS_MOVE = YES;
				CLANG_WARN_UNGUARDED_AVAILABILITY = YES_AGGRESSIVE;
				CLANG_WARN_UNREACHABLE_CODE = YES;
				CLANG_WARN__DUPLICATE_METHOD_MATCH = YES;
				COPY_PHASE_STRIP = NO;
				DEBUG_INFORMATION_FORMAT = dwarf;
				ENABLE_STRICT_OBJC_MSGSEND = YES;
				ENABLE_TESTABILITY = YES;
				ENABLE_USER_SCRIPT_SANDBOXING = YES;
				GCC_C_LANGUAGE_STANDARD = gnu17;
				GCC_DYNAMIC_NO_PIC = NO;
				GCC_NO_COMMON_BLOCKS = YES;
				GCC_OPTIMIZATION_LEVEL = 0;
				GCC_PREPROCESSOR_DEFINITIONS = (
					"DEBUG=1",
					"$(inherited)",
				);
				GCC_WARN_64_TO_32_BIT_CONVERSION = YES;
				GCC_WARN_ABOUT_RETURN_TYPE = YES_ERROR;
				GCC_WARN_UNDECLARED_SELECTOR = YES;
				GCC_WARN_UNINITIALIZED_AUTOS = YES_AGGRESSIVE;
				GCC_WARN_UNUSED_FUNCTION = YES;
				GCC_WARN_UNUSED_VARIABLE = YES;
				IPHONEOS_DEPLOYMENT_TARGET = 17.2;
				LOCALIZATION_PREFERS_STRING_CATALOGS = YES;
				MTL_ENABLE_DEBUG_INFO = INCLUDE_SOURCE;
				MTL_FAST_MATH = YES;
				ONLY_ACTIVE_ARCH = YES;
				SDKROOT = iphoneos;
				SWIFT_ACTIVE_COMPILATION_CONDITIONS = "DEBUG $(inherited)";
				SWIFT_OPTIMIZATION_LEVEL = "-Onone";
			};
			name = Debug;
		};
		48CF2E7A2C19C44100FE60C4 /* Release */ = {
			isa = XCBuildConfiguration;
			buildSettings = {
				ALWAYS_SEARCH_USER_PATHS = NO;
				ASSETCATALOG_COMPILER_GENERATE_SWIFT_ASSET_SYMBOL_EXTENSIONS = YES;
				CLANG_ANALYZER_NONNULL = YES;
				CLANG_ANALYZER_NUMBER_OBJECT_CONVERSION = YES_AGGRESSIVE;
				CLANG_CXX_LANGUAGE_STANDARD = "gnu++20";
				CLANG_ENABLE_MODULES = YES;
				CLANG_ENABLE_OBJC_ARC = YES;
				CLANG_ENABLE_OBJC_WEAK = YES;
				CLANG_WARN_BLOCK_CAPTURE_AUTORELEASING = YES;
				CLANG_WARN_BOOL_CONVERSION = YES;
				CLANG_WARN_COMMA = YES;
				CLANG_WARN_CONSTANT_CONVERSION = YES;
				CLANG_WARN_DEPRECATED_OBJC_IMPLEMENTATIONS = YES;
				CLANG_WARN_DIRECT_OBJC_ISA_USAGE = YES_ERROR;
				CLANG_WARN_DOCUMENTATION_COMMENTS = YES;
				CLANG_WARN_EMPTY_BODY = YES;
				CLANG_WARN_ENUM_CONVERSION = YES;
				CLANG_WARN_INFINITE_RECURSION = YES;
				CLANG_WARN_INT_CONVERSION = YES;
				CLANG_WARN_NON_LITERAL_NULL_CONVERSION = YES;
				CLANG_WARN_OBJC_IMPLICIT_RETAIN_SELF = YES;
				CLANG_WARN_OBJC_LITERAL_CONVERSION = YES;
				CLANG_WARN_OBJC_ROOT_CLASS = YES_ERROR;
				CLANG_WARN_QUOTED_INCLUDE_IN_FRAMEWORK_HEADER = YES;
				CLANG_WARN_RANGE_LOOP_ANALYSIS = YES;
				CLANG_WARN_STRICT_PROTOTYPES = YES;
				CLANG_WARN_SUSPICIOUS_MOVE = YES;
				CLANG_WARN_UNGUARDED_AVAILABILITY = YES_AGGRESSIVE;
				CLANG_WARN_UNREACHABLE_CODE = YES;
				CLANG_WARN__DUPLICATE_METHOD_MATCH = YES;
				COPY_PHASE_STRIP = NO;
				DEBUG_INFORMATION_FORMAT = "dwarf-with-dsym";
				ENABLE_NS_ASSERTIONS = NO;
				ENABLE_STRICT_OBJC_MSGSEND = YES;
				ENABLE_USER_SCRIPT_SANDBOXING = YES;
				GCC_C_LANGUAGE_STANDARD = gnu17;
				GCC_NO_COMMON_BLOCKS = YES;
				GCC_WARN_64_TO_32_BIT_CONVERSION = YES;
				GCC_WARN_ABOUT_RETURN_TYPE = YES_ERROR;
				GCC_WARN_UNDECLARED_SELECTOR = YES;
				GCC_WARN_UNINITIALIZED_AUTOS = YES_AGGRESSIVE;
				GCC_WARN_UNUSED_FUNCTION = YES;
				GCC_WARN_UNUSED_VARIABLE = YES;
				IPHONEOS_DEPLOYMENT_TARGET = 17.2;
				LOCALIZATION_PREFERS_STRING_CATALOGS = YES;
				MTL_ENABLE_DEBUG_INFO = NO;
				MTL_FAST_MATH = YES;
				SDKROOT = iphoneos;
				SWIFT_COMPILATION_MODE = wholemodule;
				VALIDATE_PRODUCT = YES;
			};
			name = Release;
		};
		48CF2E7C2C19C44100FE60C4 /* Debug */ = {
			isa = XCBuildConfiguration;
			buildSettings = {
				ASSETCATALOG_COMPILER_APPICON_NAME = AppIcon;
				ASSETCATALOG_COMPILER_GLOBAL_ACCENT_COLOR_NAME = AccentColor;
				CODE_SIGN_STYLE = Automatic;
				CURRENT_PROJECT_VERSION = 1;
				DEVELOPMENT_ASSET_PATHS = "\"IbanValidatorTool/Preview Content\"";
				DEVELOPMENT_TEAM = 432X39687Q;
				ENABLE_PREVIEWS = YES;
				GENERATE_INFOPLIST_FILE = YES;
				INFOPLIST_KEY_UIApplicationSceneManifest_Generation = YES;
				INFOPLIST_KEY_UIApplicationSupportsIndirectInputEvents = YES;
				INFOPLIST_KEY_UILaunchScreen_Generation = YES;
				INFOPLIST_KEY_UISupportedInterfaceOrientations_iPad = "UIInterfaceOrientationPortrait UIInterfaceOrientationPortraitUpsideDown UIInterfaceOrientationLandscapeLeft UIInterfaceOrientationLandscapeRight";
				INFOPLIST_KEY_UISupportedInterfaceOrientations_iPhone = "UIInterfaceOrientationPortrait UIInterfaceOrientationLandscapeLeft UIInterfaceOrientationLandscapeRight";
				LD_RUNPATH_SEARCH_PATHS = (
					"$(inherited)",
					"@executable_path/Frameworks",
				);
				MARKETING_VERSION = 1.0;
				PRODUCT_BUNDLE_IDENTIFIER = sam.IbanValidatorTool;
				PRODUCT_NAME = "$(TARGET_NAME)";
				SWIFT_EMIT_LOC_STRINGS = YES;
				SWIFT_VERSION = 5.0;
				TARGETED_DEVICE_FAMILY = "1,2";
			};
			name = Debug;
		};
		48CF2E7D2C19C44100FE60C4 /* Release */ = {
			isa = XCBuildConfiguration;
			buildSettings = {
				ASSETCATALOG_COMPILER_APPICON_NAME = AppIcon;
				ASSETCATALOG_COMPILER_GLOBAL_ACCENT_COLOR_NAME = AccentColor;
				CODE_SIGN_STYLE = Automatic;
				CURRENT_PROJECT_VERSION = 1;
				DEVELOPMENT_ASSET_PATHS = "\"IbanValidatorTool/Preview Content\"";
				DEVELOPMENT_TEAM = 432X39687Q;
				ENABLE_PREVIEWS = YES;
				GENERATE_INFOPLIST_FILE = YES;
				INFOPLIST_KEY_UIApplicationSceneManifest_Generation = YES;
				INFOPLIST_KEY_UIApplicationSupportsIndirectInputEvents = YES;
				INFOPLIST_KEY_UILaunchScreen_Generation = YES;
				INFOPLIST_KEY_UISupportedInterfaceOrientations_iPad = "UIInterfaceOrientationPortrait UIInterfaceOrientationPortraitUpsideDown UIInterfaceOrientationLandscapeLeft UIInterfaceOrientationLandscapeRight";
				INFOPLIST_KEY_UISupportedInterfaceOrientations_iPhone = "UIInterfaceOrientationPortrait UIInterfaceOrientationLandscapeLeft UIInterfaceOrientationLandscapeRight";
				LD_RUNPATH_SEARCH_PATHS = (
					"$(inherited)",
					"@executable_path/Frameworks",
				);
				MARKETING_VERSION = 1.0;
				PRODUCT_BUNDLE_IDENTIFIER = sam.IbanValidatorTool;
				PRODUCT_NAME = "$(TARGET_NAME)";
				SWIFT_EMIT_LOC_STRINGS = YES;
				SWIFT_VERSION = 5.0;
				TARGETED_DEVICE_FAMILY = "1,2";
			};
			name = Release;
		};
		48CF2E7F2C19C44100FE60C4 /* Debug */ = {
			isa = XCBuildConfiguration;
			buildSettings = {
				ALWAYS_EMBED_SWIFT_STANDARD_LIBRARIES = YES;
				BUNDLE_LOADER = "$(TEST_HOST)";
				CODE_SIGN_STYLE = Automatic;
				CURRENT_PROJECT_VERSION = 1;
				DEVELOPMENT_TEAM = 432X39687Q;
				GENERATE_INFOPLIST_FILE = YES;
				IPHONEOS_DEPLOYMENT_TARGET = 17.2;
				MARKETING_VERSION = 1.0;
				PRODUCT_BUNDLE_IDENTIFIER = sam.IbanValidatorToolTests;
				PRODUCT_NAME = "$(TARGET_NAME)";
				SWIFT_EMIT_LOC_STRINGS = NO;
				SWIFT_VERSION = 5.0;
				TARGETED_DEVICE_FAMILY = "1,2";
				TEST_HOST = "$(BUILT_PRODUCTS_DIR)/IbanValidatorTool.app/$(BUNDLE_EXECUTABLE_FOLDER_PATH)/IbanValidatorTool";
			};
			name = Debug;
		};
		48CF2E802C19C44100FE60C4 /* Release */ = {
			isa = XCBuildConfiguration;
			buildSettings = {
				ALWAYS_EMBED_SWIFT_STANDARD_LIBRARIES = YES;
				BUNDLE_LOADER = "$(TEST_HOST)";
				CODE_SIGN_STYLE = Automatic;
				CURRENT_PROJECT_VERSION = 1;
				DEVELOPMENT_TEAM = 432X39687Q;
				GENERATE_INFOPLIST_FILE = YES;
				IPHONEOS_DEPLOYMENT_TARGET = 17.2;
				MARKETING_VERSION = 1.0;
				PRODUCT_BUNDLE_IDENTIFIER = sam.IbanValidatorToolTests;
				PRODUCT_NAME = "$(TARGET_NAME)";
				SWIFT_EMIT_LOC_STRINGS = NO;
				SWIFT_VERSION = 5.0;
				TARGETED_DEVICE_FAMILY = "1,2";
				TEST_HOST = "$(BUILT_PRODUCTS_DIR)/IbanValidatorTool.app/$(BUNDLE_EXECUTABLE_FOLDER_PATH)/IbanValidatorTool";
			};
			name = Release;
		};
		48CF2E822C19C44100FE60C4 /* Debug */ = {
			isa = XCBuildConfiguration;
			buildSettings = {
				ALWAYS_EMBED_SWIFT_STANDARD_LIBRARIES = YES;
				CODE_SIGN_STYLE = Automatic;
				CURRENT_PROJECT_VERSION = 1;
				DEVELOPMENT_TEAM = 432X39687Q;
				GENERATE_INFOPLIST_FILE = YES;
				MARKETING_VERSION = 1.0;
				PRODUCT_BUNDLE_IDENTIFIER = sam.IbanValidatorToolUITests;
				PRODUCT_NAME = "$(TARGET_NAME)";
				SWIFT_EMIT_LOC_STRINGS = NO;
				SWIFT_VERSION = 5.0;
				TARGETED_DEVICE_FAMILY = "1,2";
				TEST_TARGET_NAME = IbanValidatorTool;
			};
			name = Debug;
		};
		48CF2E832C19C44100FE60C4 /* Release */ = {
			isa = XCBuildConfiguration;
			buildSettings = {
				ALWAYS_EMBED_SWIFT_STANDARD_LIBRARIES = YES;
				CODE_SIGN_STYLE = Automatic;
				CURRENT_PROJECT_VERSION = 1;
				DEVELOPMENT_TEAM = 432X39687Q;
				GENERATE_INFOPLIST_FILE = YES;
				MARKETING_VERSION = 1.0;
				PRODUCT_BUNDLE_IDENTIFIER = sam.IbanValidatorToolUITests;
				PRODUCT_NAME = "$(TARGET_NAME)";
				SWIFT_EMIT_LOC_STRINGS = NO;
				SWIFT_VERSION = 5.0;
				TARGETED_DEVICE_FAMILY = "1,2";
				TEST_TARGET_NAME = IbanValidatorTool;
			};
			name = Release;
		};
/* End XCBuildConfiguration section */

/* Begin XCConfigurationList section */
		48CF2E522C19C43C00FE60C4 /* Build configuration list for PBXProject "IbanValidatorTool" */ = {
			isa = XCConfigurationList;
			buildConfigurations = (
				48CF2E792C19C44100FE60C4 /* Debug */,
				48CF2E7A2C19C44100FE60C4 /* Release */,
			);
			defaultConfigurationIsVisible = 0;
			defaultConfigurationName = Release;
		};
		48CF2E7B2C19C44100FE60C4 /* Build configuration list for PBXNativeTarget "IbanValidatorTool" */ = {
			isa = XCConfigurationList;
			buildConfigurations = (
				48CF2E7C2C19C44100FE60C4 /* Debug */,
				48CF2E7D2C19C44100FE60C4 /* Release */,
			);
			defaultConfigurationIsVisible = 0;
			defaultConfigurationName = Release;
		};
		48CF2E7E2C19C44100FE60C4 /* Build configuration list for PBXNativeTarget "IbanValidatorToolTests" */ = {
			isa = XCConfigurationList;
			buildConfigurations = (
				48CF2E7F2C19C44100FE60C4 /* Debug */,
				48CF2E802C19C44100FE60C4 /* Release */,
			);
			defaultConfigurationIsVisible = 0;
			defaultConfigurationName = Release;
		};
		48CF2E812C19C44100FE60C4 /* Build configuration list for PBXNativeTarget "IbanValidatorToolUITests" */ = {
			isa = XCConfigurationList;
			buildConfigurations = (
				48CF2E822C19C44100FE60C4 /* Debug */,
				48CF2E832C19C44100FE60C4 /* Release */,
			);
			defaultConfigurationIsVisible = 0;
			defaultConfigurationName = Release;
		};
/* End XCConfigurationList section */
	};
	rootObject = 48CF2E4F2C19C43C00FE60C4 /* Project object */;
}
